// !$*UTF8*$!
{
	archiveVersion = 1;
	classes = {
	};
	objectVersion = 46;
	objects = {

/* Begin PBXBuildFile section */
		1C0788551E9AAAC1006BC3E9 /* BusinessView.swift in Sources */ = {isa = PBXBuildFile; fileRef = 1C0788541E9AAAC1006BC3E9 /* BusinessView.swift */; };
		1C27E0771E98853A00DD165C /* PreferredFilters.swift in Sources */ = {isa = PBXBuildFile; fileRef = 1C27E0761E98853A00DD165C /* PreferredFilters.swift */; };
		1C7D16F71E9B13080027EB26 /* nearMe.png in Resources */ = {isa = PBXBuildFile; fileRef = 1C7D16F61E9B13080027EB26 /* nearMe.png */; };
		1C8A6D481E9744E500A7FD81 /* arrow.png in Resources */ = {isa = PBXBuildFile; fileRef = 1C8A6D471E9744E500A7FD81 /* arrow.png */; };
		1C8A6D4A1E9746FE00A7FD81 /* RadioCell.swift in Sources */ = {isa = PBXBuildFile; fileRef = 1C8A6D491E9746FE00A7FD81 /* RadioCell.swift */; };
		1C94D1741E968AAE00EF9023 /* Filters.swift in Sources */ = {isa = PBXBuildFile; fileRef = 1C94D1731E968AAE00EF9023 /* Filters.swift */; };
		1C94D1761E968C2E00EF9023 /* YelpFiltersViewController.swift in Sources */ = {isa = PBXBuildFile; fileRef = 1C94D1751E968C2E00EF9023 /* YelpFiltersViewController.swift */; };
		1C94D1781E969C7800EF9023 /* Filter.swift in Sources */ = {isa = PBXBuildFile; fileRef = 1C94D1771E969C7800EF9023 /* Filter.swift */; };
		1C94D17A1E96A4EB00EF9023 /* SwitchCell.swift in Sources */ = {isa = PBXBuildFile; fileRef = 1C94D1791E96A4EB00EF9023 /* SwitchCell.swift */; };
		1CCF18151E93157700400418 /* AppDelegate.swift in Sources */ = {isa = PBXBuildFile; fileRef = 1CCF18141E93157700400418 /* AppDelegate.swift */; };
		1CCF181A1E93157700400418 /* Main.storyboard in Resources */ = {isa = PBXBuildFile; fileRef = 1CCF18181E93157700400418 /* Main.storyboard */; };
		1CCF181C1E93157700400418 /* Assets.xcassets in Resources */ = {isa = PBXBuildFile; fileRef = 1CCF181B1E93157700400418 /* Assets.xcassets */; };
		1CCF181F1E93157700400418 /* LaunchScreen.storyboard in Resources */ = {isa = PBXBuildFile; fileRef = 1CCF181D1E93157700400418 /* LaunchScreen.storyboard */; };
		1CCFECFA1E9467A400AB9485 /* YelpResultsViewController.swift in Sources */ = {isa = PBXBuildFile; fileRef = 1CCFECF91E9467A400AB9485 /* YelpResultsViewController.swift */; };
		1CCFECFC1E948D7E00AB9485 /* BusinessCell.swift in Sources */ = {isa = PBXBuildFile; fileRef = 1CCFECFB1E948D7E00AB9485 /* BusinessCell.swift */; };
		1CE12D2C1E93F4350069DC0B /* YelpService.swift in Sources */ = {isa = PBXBuildFile; fileRef = 1CE12D2B1E93F4350069DC0B /* YelpService.swift */; };
		1CE12D2E1E93F5860069DC0B /* Business.swift in Sources */ = {isa = PBXBuildFile; fileRef = 1CE12D2D1E93F5860069DC0B /* Business.swift */; };
		1CE164661E9A5D9600A596B2 /* Error.png in Resources */ = {isa = PBXBuildFile; fileRef = 1CE164651E9A5D9600A596B2 /* Error.png */; };
		1CE164681E9A884F00A596B2 /* YelpDetailsViewController.swift in Sources */ = {isa = PBXBuildFile; fileRef = 1CE164671E9A884F00A596B2 /* YelpDetailsViewController.swift */; };
		1CF363801E9AC73E00158F91 /* Utils.swift in Sources */ = {isa = PBXBuildFile; fileRef = 1CF3637F1E9AC73E00158F91 /* Utils.swift */; };
		9AA52A5E90C69D9410502A30 /* Pods_YelpSearch.framework in Frameworks */ = {isa = PBXBuildFile; fileRef = 7EF01A5D45CF44764E773F8D /* Pods_YelpSearch.framework */; };
/* End PBXBuildFile section */

/* Begin PBXFileReference section */
		16BD856480B9E597B207118B /* Pods-YelpSearch.release.xcconfig */ = {isa = PBXFileReference; includeInIndex = 1; lastKnownFileType = text.xcconfig; name = "Pods-YelpSearch.release.xcconfig"; path = "Pods/Target Support Files/Pods-YelpSearch/Pods-YelpSearch.release.xcconfig"; sourceTree = "<group>"; };
		1C0788541E9AAAC1006BC3E9 /* BusinessView.swift */ = {isa = PBXFileReference; fileEncoding = 4; lastKnownFileType = sourcecode.swift; name = BusinessView.swift; path = Views/BusinessView.swift; sourceTree = "<group>"; };
		1C27E0761E98853A00DD165C /* PreferredFilters.swift */ = {isa = PBXFileReference; fileEncoding = 4; lastKnownFileType = sourcecode.swift; name = PreferredFilters.swift; path = Models/PreferredFilters.swift; sourceTree = "<group>"; };
		1C7D16F61E9B13080027EB26 /* nearMe.png */ = {isa = PBXFileReference; lastKnownFileType = image.png; name = nearMe.png; path = Resources/nearMe.png; sourceTree = "<group>"; };
		1C8A6D471E9744E500A7FD81 /* arrow.png */ = {isa = PBXFileReference; lastKnownFileType = image.png; name = arrow.png; path = Resources/arrow.png; sourceTree = "<group>"; };
		1C8A6D491E9746FE00A7FD81 /* RadioCell.swift */ = {isa = PBXFileReference; fileEncoding = 4; lastKnownFileType = sourcecode.swift; name = RadioCell.swift; path = Views/RadioCell.swift; sourceTree = "<group>"; };
		1C94D1731E968AAE00EF9023 /* Filters.swift */ = {isa = PBXFileReference; fileEncoding = 4; lastKnownFileType = sourcecode.swift; name = Filters.swift; path = Models/Filters.swift; sourceTree = "<group>"; };
		1C94D1751E968C2E00EF9023 /* YelpFiltersViewController.swift */ = {isa = PBXFileReference; fileEncoding = 4; lastKnownFileType = sourcecode.swift; name = YelpFiltersViewController.swift; path = Controllers/YelpFiltersViewController.swift; sourceTree = "<group>"; };
		1C94D1771E969C7800EF9023 /* Filter.swift */ = {isa = PBXFileReference; fileEncoding = 4; lastKnownFileType = sourcecode.swift; name = Filter.swift; path = Views/Filter.swift; sourceTree = "<group>"; };
		1C94D1791E96A4EB00EF9023 /* SwitchCell.swift */ = {isa = PBXFileReference; fileEncoding = 4; lastKnownFileType = sourcecode.swift; name = SwitchCell.swift; path = Views/SwitchCell.swift; sourceTree = "<group>"; };
		1CCF18111E93157700400418 /* YelpSearch.app */ = {isa = PBXFileReference; explicitFileType = wrapper.application; includeInIndex = 0; path = YelpSearch.app; sourceTree = BUILT_PRODUCTS_DIR; };
		1CCF18141E93157700400418 /* AppDelegate.swift */ = {isa = PBXFileReference; lastKnownFileType = sourcecode.swift; path = AppDelegate.swift; sourceTree = "<group>"; };
		1CCF18191E93157700400418 /* Base */ = {isa = PBXFileReference; lastKnownFileType = file.storyboard; name = Base; path = Base.lproj/Main.storyboard; sourceTree = "<group>"; };
		1CCF181B1E93157700400418 /* Assets.xcassets */ = {isa = PBXFileReference; lastKnownFileType = folder.assetcatalog; path = Assets.xcassets; sourceTree = "<group>"; };
		1CCF181E1E93157700400418 /* Base */ = {isa = PBXFileReference; lastKnownFileType = file.storyboard; name = Base; path = Base.lproj/LaunchScreen.storyboard; sourceTree = "<group>"; };
		1CCF18201E93157700400418 /* Info.plist */ = {isa = PBXFileReference; lastKnownFileType = text.plist.xml; path = Info.plist; sourceTree = "<group>"; };
		1CCFECF91E9467A400AB9485 /* YelpResultsViewController.swift */ = {isa = PBXFileReference; fileEncoding = 4; lastKnownFileType = sourcecode.swift; name = YelpResultsViewController.swift; path = Controllers/YelpResultsViewController.swift; sourceTree = "<group>"; };
		1CCFECFB1E948D7E00AB9485 /* BusinessCell.swift */ = {isa = PBXFileReference; fileEncoding = 4; lastKnownFileType = sourcecode.swift; name = BusinessCell.swift; path = Views/BusinessCell.swift; sourceTree = "<group>"; };
		1CE12D2B1E93F4350069DC0B /* YelpService.swift */ = {isa = PBXFileReference; fileEncoding = 4; lastKnownFileType = sourcecode.swift; name = YelpService.swift; path = Service/YelpService.swift; sourceTree = "<group>"; };
		1CE12D2D1E93F5860069DC0B /* Business.swift */ = {isa = PBXFileReference; fileEncoding = 4; lastKnownFileType = sourcecode.swift; name = Business.swift; path = Models/Business.swift; sourceTree = "<group>"; };
		1CE164651E9A5D9600A596B2 /* Error.png */ = {isa = PBXFileReference; lastKnownFileType = image.png; name = Error.png; path = ../../MovieView/MovieView/Resources/Error.png; sourceTree = "<group>"; };
		1CE164671E9A884F00A596B2 /* YelpDetailsViewController.swift */ = {isa = PBXFileReference; fileEncoding = 4; lastKnownFileType = sourcecode.swift; name = YelpDetailsViewController.swift; path = Controllers/YelpDetailsViewController.swift; sourceTree = "<group>"; };
		1CF3637F1E9AC73E00158F91 /* Utils.swift */ = {isa = PBXFileReference; fileEncoding = 4; lastKnownFileType = sourcecode.swift; name = Utils.swift; path = Utils/Utils.swift; sourceTree = "<group>"; };
		7EF01A5D45CF44764E773F8D /* Pods_YelpSearch.framework */ = {isa = PBXFileReference; explicitFileType = wrapper.framework; includeInIndex = 0; path = Pods_YelpSearch.framework; sourceTree = BUILT_PRODUCTS_DIR; };
		825C5D094D2EA2B3F132FB3E /* Pods-YelpSearch.debug.xcconfig */ = {isa = PBXFileReference; includeInIndex = 1; lastKnownFileType = text.xcconfig; name = "Pods-YelpSearch.debug.xcconfig"; path = "Pods/Target Support Files/Pods-YelpSearch/Pods-YelpSearch.debug.xcconfig"; sourceTree = "<group>"; };
/* End PBXFileReference section */

/* Begin PBXFrameworksBuildPhase section */
		1CCF180E1E93157700400418 /* Frameworks */ = {
			isa = PBXFrameworksBuildPhase;
			buildActionMask = 2147483647;
			files = (
				9AA52A5E90C69D9410502A30 /* Pods_YelpSearch.framework in Frameworks */,
			);
			runOnlyForDeploymentPostprocessing = 0;
		};
/* End PBXFrameworksBuildPhase section */

/* Begin PBXGroup section */
		1CCF18081E93157700400418 = {
			isa = PBXGroup;
			children = (
				1CCF18131E93157700400418 /* YelpSearch */,
				1CCF18121E93157700400418 /* Products */,
				83E45E654F1B1EFD42CB1820 /* Pods */,
				D53583C5EB555424E1E934F5 /* Frameworks */,
			);
			sourceTree = "<group>";
		};
		1CCF18121E93157700400418 /* Products */ = {
			isa = PBXGroup;
			children = (
				1CCF18111E93157700400418 /* YelpSearch.app */,
			);
			name = Products;
			sourceTree = "<group>";
		};
		1CCF18131E93157700400418 /* YelpSearch */ = {
			isa = PBXGroup;
			children = (
				1CCF18281E9316A600400418 /* Controllers */,
				1CCF18261E93167600400418 /* Models */,
				1CCF18291E9316AE00400418 /* Resources */,
				1CCF182A1E9316B300400418 /* Services */,
				1CCF18271E93169200400418 /* Views */,
				1CF3637E1E9AC72400158F91 /* Utils */,
				1CCF18141E93157700400418 /* AppDelegate.swift */,
				1CCF18181E93157700400418 /* Main.storyboard */,
				1CCF181B1E93157700400418 /* Assets.xcassets */,
				1CCF181D1E93157700400418 /* LaunchScreen.storyboard */,
				1CCF18201E93157700400418 /* Info.plist */,
			);
			path = YelpSearch;
			sourceTree = "<group>";
		};
		1CCF18261E93167600400418 /* Models */ = {
			isa = PBXGroup;
			children = (
				1CE12D2D1E93F5860069DC0B /* Business.swift */,
				1C94D1731E968AAE00EF9023 /* Filters.swift */,
				1C27E0761E98853A00DD165C /* PreferredFilters.swift */,
			);
			name = Models;
			sourceTree = "<group>";
		};
		1CCF18271E93169200400418 /* Views */ = {
			isa = PBXGroup;
			children = (
				1C94D1771E969C7800EF9023 /* Filter.swift */,
				1CCFECFB1E948D7E00AB9485 /* BusinessCell.swift */,
				1C94D1791E96A4EB00EF9023 /* SwitchCell.swift */,
				1C8A6D491E9746FE00A7FD81 /* RadioCell.swift */,
				1C0788541E9AAAC1006BC3E9 /* BusinessView.swift */,
			);
			name = Views;
			sourceTree = "<group>";
		};
		1CCF18281E9316A600400418 /* Controllers */ = {
			isa = PBXGroup;
			children = (
				1CCFECF91E9467A400AB9485 /* YelpResultsViewController.swift */,
				1C94D1751E968C2E00EF9023 /* YelpFiltersViewController.swift */,
				1CE164671E9A884F00A596B2 /* YelpDetailsViewController.swift */,
			);
			name = Controllers;
			sourceTree = "<group>";
		};
		1CCF18291E9316AE00400418 /* Resources */ = {
			isa = PBXGroup;
			children = (
				1C7D16F61E9B13080027EB26 /* nearMe.png */,
				1CE164651E9A5D9600A596B2 /* Error.png */,
				1C8A6D471E9744E500A7FD81 /* arrow.png */,
			);
			name = Resources;
			sourceTree = "<group>";
		};
		1CCF182A1E9316B300400418 /* Services */ = {
			isa = PBXGroup;
			children = (
				1CE12D2B1E93F4350069DC0B /* YelpService.swift */,
			);
			name = Services;
			sourceTree = "<group>";
		};
		1CF3637E1E9AC72400158F91 /* Utils */ = {
			isa = PBXGroup;
			children = (
				1CF3637F1E9AC73E00158F91 /* Utils.swift */,
			);
			name = Utils;
			sourceTree = "<group>";
		};
		83E45E654F1B1EFD42CB1820 /* Pods */ = {
			isa = PBXGroup;
			children = (
				825C5D094D2EA2B3F132FB3E /* Pods-YelpSearch.debug.xcconfig */,
				16BD856480B9E597B207118B /* Pods-YelpSearch.release.xcconfig */,
			);
			name = Pods;
			sourceTree = "<group>";
		};
		D53583C5EB555424E1E934F5 /* Frameworks */ = {
			isa = PBXGroup;
			children = (
				7EF01A5D45CF44764E773F8D /* Pods_YelpSearch.framework */,
			);
			name = Frameworks;
			sourceTree = "<group>";
		};
/* End PBXGroup section */

/* Begin PBXNativeTarget section */
		1CCF18101E93157700400418 /* YelpSearch */ = {
			isa = PBXNativeTarget;
			buildConfigurationList = 1CCF18231E93157700400418 /* Build configuration list for PBXNativeTarget "YelpSearch" */;
			buildPhases = (
				1844C877A1E56F5E17BC2733 /* [CP] Check Pods Manifest.lock */,
				1CCF180D1E93157700400418 /* Sources */,
				1CCF180E1E93157700400418 /* Frameworks */,
				1CCF180F1E93157700400418 /* Resources */,
				C550CF59E4EDE2569BA89FFF /* [CP] Embed Pods Frameworks */,
				05D4117131C3AD121894BD56 /* [CP] Copy Pods Resources */,
			);
			buildRules = (
			);
			dependencies = (
			);
			name = YelpSearch;
			productName = YelpSearch;
			productReference = 1CCF18111E93157700400418 /* YelpSearch.app */;
			productType = "com.apple.product-type.application";
		};
/* End PBXNativeTarget section */

/* Begin PBXProject section */
		1CCF18091E93157700400418 /* Project object */ = {
			isa = PBXProject;
			attributes = {
				LastSwiftUpdateCheck = 0830;
				LastUpgradeCheck = 0830;
				ORGANIZATIONNAME = Mohammed;
				TargetAttributes = {
					1CCF18101E93157700400418 = {
						CreatedOnToolsVersion = 8.3;
						ProvisioningStyle = Automatic;
					};
				};
			};
			buildConfigurationList = 1CCF180C1E93157700400418 /* Build configuration list for PBXProject "YelpSearch" */;
			compatibilityVersion = "Xcode 3.2";
			developmentRegion = English;
			hasScannedForEncodings = 0;
			knownRegions = (
				en,
				Base,
			);
			mainGroup = 1CCF18081E93157700400418;
			productRefGroup = 1CCF18121E93157700400418 /* Products */;
			projectDirPath = "";
			projectRoot = "";
			targets = (
				1CCF18101E93157700400418 /* YelpSearch */,
			);
		};
/* End PBXProject section */

/* Begin PBXResourcesBuildPhase section */
		1CCF180F1E93157700400418 /* Resources */ = {
			isa = PBXResourcesBuildPhase;
			buildActionMask = 2147483647;
			files = (
				1CCF181F1E93157700400418 /* LaunchScreen.storyboard in Resources */,
				1CCF181C1E93157700400418 /* Assets.xcassets in Resources */,
				1CCF181A1E93157700400418 /* Main.storyboard in Resources */,
				1CE164661E9A5D9600A596B2 /* Error.png in Resources */,
				1C8A6D481E9744E500A7FD81 /* arrow.png in Resources */,
				1C7D16F71E9B13080027EB26 /* nearMe.png in Resources */,
			);
			runOnlyForDeploymentPostprocessing = 0;
		};
/* End PBXResourcesBuildPhase section */

/* Begin PBXShellScriptBuildPhase section */
		05D4117131C3AD121894BD56 /* [CP] Copy Pods Resources */ = {
			isa = PBXShellScriptBuildPhase;
			buildActionMask = 2147483647;
			files = (
			);
			inputPaths = (
			);
			name = "[CP] Copy Pods Resources";
			outputPaths = (
			);
			runOnlyForDeploymentPostprocessing = 0;
			shellPath = /bin/sh;
			shellScript = "\"${SRCROOT}/Pods/Target Support Files/Pods-YelpSearch/Pods-YelpSearch-resources.sh\"\n";
			showEnvVarsInLog = 0;
		};
		1844C877A1E56F5E17BC2733 /* [CP] Check Pods Manifest.lock */ = {
			isa = PBXShellScriptBuildPhase;
			buildActionMask = 2147483647;
			files = (
			);
			inputPaths = (
			);
			name = "[CP] Check Pods Manifest.lock";
			outputPaths = (
			);
			runOnlyForDeploymentPostprocessing = 0;
			shellPath = /bin/sh;
			shellScript = "diff \"${PODS_ROOT}/../Podfile.lock\" \"${PODS_ROOT}/Manifest.lock\" > /dev/null\nif [ $? != 0 ] ; then\n    # print error to STDERR\n    echo \"error: The sandbox is not in sync with the Podfile.lock. Run 'pod install' or update your CocoaPods installation.\" >&2\n    exit 1\nfi\n";
			showEnvVarsInLog = 0;
		};
		C550CF59E4EDE2569BA89FFF /* [CP] Embed Pods Frameworks */ = {
			isa = PBXShellScriptBuildPhase;
			buildActionMask = 2147483647;
			files = (
			);
			inputPaths = (
			);
			name = "[CP] Embed Pods Frameworks";
			outputPaths = (
			);
			runOnlyForDeploymentPostprocessing = 0;
			shellPath = /bin/sh;
			shellScript = "\"${SRCROOT}/Pods/Target Support Files/Pods-YelpSearch/Pods-YelpSearch-frameworks.sh\"\n";
			showEnvVarsInLog = 0;
		};
/* End PBXShellScriptBuildPhase section */

/* Begin PBXSourcesBuildPhase section */
		1CCF180D1E93157700400418 /* Sources */ = {
			isa = PBXSourcesBuildPhase;
			buildActionMask = 2147483647;
			files = (
				1C0788551E9AAAC1006BC3E9 /* BusinessView.swift in Sources */,
				1CCF18151E93157700400418 /* AppDelegate.swift in Sources */,
				1CE12D2E1E93F5860069DC0B /* Business.swift in Sources */,
				1C94D17A1E96A4EB00EF9023 /* SwitchCell.swift in Sources */,
				1CF363801E9AC73E00158F91 /* Utils.swift in Sources */,
				1CCFECFC1E948D7E00AB9485 /* BusinessCell.swift in Sources */,
				1C94D1741E968AAE00EF9023 /* Filters.swift in Sources */,
				1C8A6D4A1E9746FE00A7FD81 /* RadioCell.swift in Sources */,
				1CE12D2C1E93F4350069DC0B /* YelpService.swift in Sources */,
				1C94D1781E969C7800EF9023 /* Filter.swift in Sources */,
				1C27E0771E98853A00DD165C /* PreferredFilters.swift in Sources */,
				1CE164681E9A884F00A596B2 /* YelpDetailsViewController.swift in Sources */,
				1C94D1761E968C2E00EF9023 /* YelpFiltersViewController.swift in Sources */,
				1CCFECFA1E9467A400AB9485 /* YelpResultsViewController.swift in Sources */,
			);
			runOnlyForDeploymentPostprocessing = 0;
		};
/* End PBXSourcesBuildPhase section */

/* Begin PBXVariantGroup section */
		1CCF18181E93157700400418 /* Main.storyboard */ = {
			isa = PBXVariantGroup;
			children = (
				1CCF18191E93157700400418 /* Base */,
			);
			name = Main.storyboard;
			sourceTree = "<group>";
		};
		1CCF181D1E93157700400418 /* LaunchScreen.storyboard */ = {
			isa = PBXVariantGroup;
			children = (
				1CCF181E1E93157700400418 /* Base */,
			);
			name = LaunchScreen.storyboard;
			sourceTree = "<group>";
		};
/* End PBXVariantGroup section */

/* Begin XCBuildConfiguration section */
		1CCF18211E93157700400418 /* Debug */ = {
			isa = XCBuildConfiguration;
			buildSettings = {
				ALWAYS_SEARCH_USER_PATHS = NO;
				CLANG_ANALYZER_NONNULL = YES;
				CLANG_ANALYZER_NUMBER_OBJECT_CONVERSION = YES_AGGRESSIVE;
				CLANG_CXX_LANGUAGE_STANDARD = "gnu++0x";
				CLANG_CXX_LIBRARY = "libc++";
				CLANG_ENABLE_MODULES = YES;
				CLANG_ENABLE_OBJC_ARC = YES;
				CLANG_WARN_BOOL_CONVERSION = YES;
				CLANG_WARN_CONSTANT_CONVERSION = YES;
				CLANG_WARN_DIRECT_OBJC_ISA_USAGE = YES_ERROR;
				CLANG_WARN_DOCUMENTATION_COMMENTS = YES;
				CLANG_WARN_EMPTY_BODY = YES;
				CLANG_WARN_ENUM_CONVERSION = YES;
				CLANG_WARN_INFINITE_RECURSION = YES;
				CLANG_WARN_INT_CONVERSION = YES;
				CLANG_WARN_OBJC_ROOT_CLASS = YES_ERROR;
				CLANG_WARN_SUSPICIOUS_MOVE = YES;
				CLANG_WARN_UNREACHABLE_CODE = YES;
				CLANG_WARN__DUPLICATE_METHOD_MATCH = YES;
				"CODE_SIGN_IDENTITY[sdk=iphoneos*]" = "iPhone Developer";
				COPY_PHASE_STRIP = NO;
				DEBUG_INFORMATION_FORMAT = dwarf;
				ENABLE_STRICT_OBJC_MSGSEND = YES;
				ENABLE_TESTABILITY = YES;
				GCC_C_LANGUAGE_STANDARD = gnu99;
				GCC_DYNAMIC_NO_PIC = NO;
				GCC_NO_COMMON_BLOCKS = YES;
				GCC_OPTIMIZATION_LEVEL = 0;
				GCC_PREPROCESSOR_DEFINITIONS = (
					"DEBUG=1",
					"$(inherited)",
				);
				GCC_WARN_64_TO_32_BIT_CONVERSION = YES;
				GCC_WARN_ABOUT_RETURN_TYPE = YES_ERROR;
				GCC_WARN_UNDECLARED_SELECTOR = YES;
				GCC_WARN_UNINITIALIZED_AUTOS = YES_AGGRESSIVE;
				GCC_WARN_UNUSED_FUNCTION = YES;
				GCC_WARN_UNUSED_VARIABLE = YES;
				IPHONEOS_DEPLOYMENT_TARGET = 10.3;
				MTL_ENABLE_DEBUG_INFO = YES;
				ONLY_ACTIVE_ARCH = YES;
				SDKROOT = iphoneos;
				SWIFT_ACTIVE_COMPILATION_CONDITIONS = DEBUG;
				SWIFT_OPTIMIZATION_LEVEL = "-Onone";
			};
			name = Debug;
		};
		1CCF18221E93157700400418 /* Release */ = {
			isa = XCBuildConfiguration;
			buildSettings = {
				ALWAYS_SEARCH_USER_PATHS = NO;
				CLANG_ANALYZER_NONNULL = YES;
				CLANG_ANALYZER_NUMBER_OBJECT_CONVERSION = YES_AGGRESSIVE;
				CLANG_CXX_LANGUAGE_STANDARD = "gnu++0x";
				CLANG_CXX_LIBRARY = "libc++";
				CLANG_ENABLE_MODULES = YES;
				CLANG_ENABLE_OBJC_ARC = YES;
				CLANG_WARN_BOOL_CONVERSION = YES;
				CLANG_WARN_CONSTANT_CONVERSION = YES;
				CLANG_WARN_DIRECT_OBJC_ISA_USAGE = YES_ERROR;
				CLANG_WARN_DOCUMENTATION_COMMENTS = YES;
				CLANG_WARN_EMPTY_BODY = YES;
				CLANG_WARN_ENUM_CONVERSION = YES;
				CLANG_WARN_INFINITE_RECURSION = YES;
				CLANG_WARN_INT_CONVERSION = YES;
				CLANG_WARN_OBJC_ROOT_CLASS = YES_ERROR;
				CLANG_WARN_SUSPICIOUS_MOVE = YES;
				CLANG_WARN_UNREACHABLE_CODE = YES;
				CLANG_WARN__DUPLICATE_METHOD_MATCH = YES;
				"CODE_SIGN_IDENTITY[sdk=iphoneos*]" = "iPhone Developer";
				COPY_PHASE_STRIP = NO;
				DEBUG_INFORMATION_FORMAT = "dwarf-with-dsym";
				ENABLE_NS_ASSERTIONS = NO;
				ENABLE_STRICT_OBJC_MSGSEND = YES;
				GCC_C_LANGUAGE_STANDARD = gnu99;
				GCC_NO_COMMON_BLOCKS = YES;
				GCC_WARN_64_TO_32_BIT_CONVERSION = YES;
				GCC_WARN_ABOUT_RETURN_TYPE = YES_ERROR;
				GCC_WARN_UNDECLARED_SELECTOR = YES;
				GCC_WARN_UNINITIALIZED_AUTOS = YES_AGGRESSIVE;
				GCC_WARN_UNUSED_FUNCTION = YES;
				GCC_WARN_UNUSED_VARIABLE = YES;
				IPHONEOS_DEPLOYMENT_TARGET = 10.3;
				MTL_ENABLE_DEBUG_INFO = NO;
				SDKROOT = iphoneos;
				SWIFT_OPTIMIZATION_LEVEL = "-Owholemodule";
				VALIDATE_PRODUCT = YES;
			};
			name = Release;
		};
		1CCF18241E93157700400418 /* Debug */ = {
			isa = XCBuildConfiguration;
			baseConfigurationReference = 825C5D094D2EA2B3F132FB3E /* Pods-YelpSearch.debug.xcconfig */;
			buildSettings = {
				ASSETCATALOG_COMPILER_APPICON_NAME = AppIcon;
				INFOPLIST_FILE = YelpSearch/Info.plist;
				LD_RUNPATH_SEARCH_PATHS = "$(inherited) @executable_path/Frameworks";
				PRODUCT_BUNDLE_IDENTIFIER = com.codepath.YelpSearch;
				PRODUCT_NAME = "$(TARGET_NAME)";
				SWIFT_VERSION = 3.0;
			};
			name = Debug;
		};
		1CCF18251E93157700400418 /* Release */ = {
			isa = XCBuildConfiguration;
			baseConfigurationReference = 16BD856480B9E597B207118B /* Pods-YelpSearch.release.xcconfig */;
			buildSettings = {
				ASSETCATALOG_COMPILER_APPICON_NAME = AppIcon;
				INFOPLIST_FILE = YelpSearch/Info.plist;
				LD_RUNPATH_SEARCH_PATHS = "$(inherited) @executable_path/Frameworks";
				PRODUCT_BUNDLE_IDENTIFIER = com.codepath.YelpSearch;
				PRODUCT_NAME = "$(TARGET_NAME)";
				SWIFT_VERSION = 3.0;
			};
			name = Release;
		};
/* End XCBuildConfiguration section */

/* Begin XCConfigurationList section */
		1CCF180C1E93157700400418 /* Build configuration list for PBXProject "YelpSearch" */ = {
			isa = XCConfigurationList;
			buildConfigurations = (
				1CCF18211E93157700400418 /* Debug */,
				1CCF18221E93157700400418 /* Release */,
			);
			defaultConfigurationIsVisible = 0;
			defaultConfigurationName = Release;
		};
		1CCF18231E93157700400418 /* Build configuration list for PBXNativeTarget "YelpSearch" */ = {
			isa = XCConfigurationList;
			buildConfigurations = (
				1CCF18241E93157700400418 /* Debug */,
				1CCF18251E93157700400418 /* Release */,
			);
			defaultConfigurationIsVisible = 0;
			defaultConfigurationName = Release;
		};
/* End XCConfigurationList section */
	};
	rootObject = 1CCF18091E93157700400418 /* Project object */;
}
